# Build tools only; excluded from the runtime image.
cython==3.2.9 --hash=sha256:a2b0e87f6b80790c929308ca0831d686f7a180feab684fe8cd4a4380bd96aaca
setuptools==79.0.1 --hash=sha256:e147c0549f27767ba362f9da434eab9c5dc0045d5304feb602a0af001089fc51
wheel==0.45.1 --hash=sha256:708e7481cc80179af0e556bbf0cc00b8444c7321e2700b8d8580231d13017248
packaging==26.2 --hash=sha256:5fc45236b9446107ff2415ce77c807cee2862cb6fac22b8a73826d0693b0980e
