meson-python==0.22.1 --hash=sha256:258fde948cf45aab5df23fcc9e17a9050ee73d4e1002fe6cf86519f61c414778
meson==1.12.1 --hash=sha256:930bc7542cbd9f57009e182fd014eba48cf1a0180a7b9006d2d32d8f168d8b02
pyproject-metadata==0.12.1 --hash=sha256:f7162d580a96386a8eb096da06215f981f547d1490f03055ef99e323bc2da427
packaging==26.2 --hash=sha256:5fc45236b9446107ff2415ce77c807cee2862cb6fac22b8a73826d0693b0980e
cython==3.2.9 --hash=sha256:a2b0e87f6b80790c929308ca0831d686f7a180feab684fe8cd4a4380bd96aaca
